
Microsoft Visual Studio Solution File, Format Version 12.00
# Visual Studio Version 17
VisualStudioVersion = 17.0.31903.59
MinimumVisualStudioVersion = 10.0.40219.1
Project("{FAE04EC0-301F-11D3-BF4B-00C04F79EFBC}") = "RestaurantApp", "RestaurantApp\RestaurantApp.csproj", "{DF6917FA-5776-4674-8198-2C11DE632CD0}"
EndProject
Global
	GlobalSection(SolutionConfigurationPlatforms) = preSolution
		Debug|Any CPU = Debug|Any CPU
		Release|Any CPU = Release|Any CPU
	EndGlobalSection
	GlobalSection(ProjectConfigurationPlatforms) = postSolution
		{DF6917FA-5776-4674-8198-2C11DE632CD0}.Debug|Any CPU.ActiveCfg = Debug|Any CPU
		{DF6917FA-5776-4674-8198-2C11DE632CD0}.Debug|Any CPU.Build.0 = Debug|Any CPU
		{DF6917FA-5776-4674-8198-2C11DE632CD0}.Release|Any CPU.ActiveCfg = Release|Any CPU
		{DF6917FA-5776-4674-8198-2C11DE632CD0}.Release|Any CPU.Build.0 = Release|Any CPU
	EndGlobalSection
	GlobalSection(SolutionProperties) = preSolution
		HideSolutionNode = FALSE
	EndGlobalSection
	GlobalSection(ExtensibilityGlobals) = postSolution
		SolutionGuid = {76ACE9C8-97DA-4A17-BA4A-56250D0E2EAE}
	EndGlobalSection
EndGlobal
